
Microsoft Visual Studio Solution File, Format Version 12.00
# Visual Studio Version 16
VisualStudioVersion = 16.0.30011.22
MinimumVisualStudioVersion = 10.0.40219.1
Project("{FAE04EC0-301F-11D3-BF4B-00C04F79EFBC}") = "WPFprojekatSIMS", "WPFprojekatSIMS\WPFprojekatSIMS.csproj", "{8AACEEF7-1EAC-4382-B560-151FD143AD4A}"
EndProject
Global
	GlobalSection(SolutionConfigurationPlatforms) = preSolution
		Debug|Any CPU = Debug|Any CPU
		Release|Any CPU = Release|Any CPU
	EndGlobalSection
	GlobalSection(ProjectConfigurationPlatforms) = postSolution
		{8AACEEF7-1EAC-4382-B560-151FD143AD4A}.Debug|Any CPU.ActiveCfg = Debug|Any CPU
		{8AACEEF7-1EAC-4382-B560-151FD143AD4A}.Debug|Any CPU.Build.0 = Debug|Any CPU
		{8AACEEF7-1EAC-4382-B560-151FD143AD4A}.Release|Any CPU.ActiveCfg = Release|Any CPU
		{8AACEEF7-1EAC-4382-B560-151FD143AD4A}.Release|Any CPU.Build.0 = Release|Any CPU
	EndGlobalSection
	GlobalSection(SolutionProperties) = preSolution
		HideSolutionNode = FALSE
	EndGlobalSection
	GlobalSection(ExtensibilityGlobals) = postSolution
		SolutionGuid = {E5D08071-E532-43A5-8520-187307695C05}
	EndGlobalSection
EndGlobal
